// !$*UTF8*$!
{
	archiveVersion = 1;
	classes = {
	};
	objectVersion = 50;
	objects = {

/* Begin PBXBuildFile section */
		C96AB82322D5DE6000AAF39E /* AppDelegate.swift in Sources */ = {isa = PBXBuildFile; fileRef = C96AB82222D5DE6000AAF39E /* AppDelegate.swift */; };
		C96AB82A22D5DE6000AAF39E /* Main.storyboard in Resources */ = {isa = PBXBuildFile; fileRef = C96AB82822D5DE6000AAF39E /* Main.storyboard */; };
		C96AB82C22D5DE6200AAF39E /* Assets.xcassets in Resources */ = {isa = PBXBuildFile; fileRef = C96AB82B22D5DE6200AAF39E /* Assets.xcassets */; };
		C96AB82F22D5DE6200AAF39E /* LaunchScreen.storyboard in Resources */ = {isa = PBXBuildFile; fileRef = C96AB82D22D5DE6200AAF39E /* LaunchScreen.storyboard */; };
		C96AB84822D5E24800AAF39E /* ParameterEncoding.swift in Sources */ = {isa = PBXBuildFile; fileRef = C96AB83A22D5E24800AAF39E /* ParameterEncoding.swift */; };
		C96AB84922D5E24800AAF39E /* URLParameterEncoding.swift in Sources */ = {isa = PBXBuildFile; fileRef = C96AB83B22D5E24800AAF39E /* URLParameterEncoding.swift */; };
		C96AB84A22D5E24800AAF39E /* JSONParameterEncoder.swift in Sources */ = {isa = PBXBuildFile; fileRef = C96AB83C22D5E24800AAF39E /* JSONParameterEncoder.swift */; };
		C96AB84B22D5E24800AAF39E /* NetworkManager.swift in Sources */ = {isa = PBXBuildFile; fileRef = C96AB83E22D5E24800AAF39E /* NetworkManager.swift */; };
		C96AB84E22D5E24800AAF39E /* HTTPTask.swift in Sources */ = {isa = PBXBuildFile; fileRef = C96AB84322D5E24800AAF39E /* HTTPTask.swift */; };
		C96AB84F22D5E24800AAF39E /* HTTPMethod.swift in Sources */ = {isa = PBXBuildFile; fileRef = C96AB84422D5E24800AAF39E /* HTTPMethod.swift */; };
		C96AB85022D5E24800AAF39E /* Router.swift in Sources */ = {isa = PBXBuildFile; fileRef = C96AB84522D5E24800AAF39E /* Router.swift */; };
		C96AB85122D5E24800AAF39E /* NetworkLogger.swift in Sources */ = {isa = PBXBuildFile; fileRef = C96AB84622D5E24800AAF39E /* NetworkLogger.swift */; };
		C96AB85222D5E24800AAF39E /* EndPointType.swift in Sources */ = {isa = PBXBuildFile; fileRef = C96AB84722D5E24800AAF39E /* EndPointType.swift */; };
		C96AB85422D5E26300AAF39E /* MainEndpoint.swift in Sources */ = {isa = PBXBuildFile; fileRef = C96AB85322D5E26300AAF39E /* MainEndpoint.swift */; };
		C96AB85722D5E3D400AAF39E /* Term.swift in Sources */ = {isa = PBXBuildFile; fileRef = C96AB85622D5E3D400AAF39E /* Term.swift */; };
		C96AB85A22D5E58A00AAF39E /* TermsViewController.swift in Sources */ = {isa = PBXBuildFile; fileRef = C96AB85922D5E58A00AAF39E /* TermsViewController.swift */; };
		C96AB85D22D5F7D300AAF39E /* TermsCell.swift in Sources */ = {isa = PBXBuildFile; fileRef = C96AB85C22D5F7D300AAF39E /* TermsCell.swift */; };
		FF56F32B25A9BD7300C22CE8 /* HomeViewController.swift in Sources */ = {isa = PBXBuildFile; fileRef = FF56F32A25A9BD7300C22CE8 /* HomeViewController.swift */; };
		FF56F32E25A9CD5700C22CE8 /* Home.swift in Sources */ = {isa = PBXBuildFile; fileRef = FF56F32D25A9CD5700C22CE8 /* Home.swift */; };
/* End PBXBuildFile section */

/* Begin PBXFileReference section */
		C96AB81F22D5DE6000AAF39E /* TestSozluk.app */ = {isa = PBXFileReference; explicitFileType = wrapper.application; includeInIndex = 0; path = TestSozluk.app; sourceTree = BUILT_PRODUCTS_DIR; };
		C96AB82222D5DE6000AAF39E /* AppDelegate.swift */ = {isa = PBXFileReference; lastKnownFileType = sourcecode.swift; path = AppDelegate.swift; sourceTree = "<group>"; };
		C96AB82922D5DE6000AAF39E /* Base */ = {isa = PBXFileReference; lastKnownFileType = file.storyboard; name = Base; path = Base.lproj/Main.storyboard; sourceTree = "<group>"; };
		C96AB82B22D5DE6200AAF39E /* Assets.xcassets */ = {isa = PBXFileReference; lastKnownFileType = folder.assetcatalog; path = Assets.xcassets; sourceTree = "<group>"; };
		C96AB82E22D5DE6200AAF39E /* Base */ = {isa = PBXFileReference; lastKnownFileType = file.storyboard; name = Base; path = Base.lproj/LaunchScreen.storyboard; sourceTree = "<group>"; };
		C96AB83022D5DE6200AAF39E /* Info.plist */ = {isa = PBXFileReference; lastKnownFileType = text.plist.xml; path = Info.plist; sourceTree = "<group>"; };
		C96AB83A22D5E24800AAF39E /* ParameterEncoding.swift */ = {isa = PBXFileReference; fileEncoding = 4; lastKnownFileType = sourcecode.swift; path = ParameterEncoding.swift; sourceTree = "<group>"; };
		C96AB83B22D5E24800AAF39E /* URLParameterEncoding.swift */ = {isa = PBXFileReference; fileEncoding = 4; lastKnownFileType = sourcecode.swift; path = URLParameterEncoding.swift; sourceTree = "<group>"; };
		C96AB83C22D5E24800AAF39E /* JSONParameterEncoder.swift */ = {isa = PBXFileReference; fileEncoding = 4; lastKnownFileType = sourcecode.swift; path = JSONParameterEncoder.swift; sourceTree = "<group>"; };
		C96AB83E22D5E24800AAF39E /* NetworkManager.swift */ = {isa = PBXFileReference; fileEncoding = 4; lastKnownFileType = sourcecode.swift; path = NetworkManager.swift; sourceTree = "<group>"; };
		C96AB84322D5E24800AAF39E /* HTTPTask.swift */ = {isa = PBXFileReference; fileEncoding = 4; lastKnownFileType = sourcecode.swift; path = HTTPTask.swift; sourceTree = "<group>"; };
		C96AB84422D5E24800AAF39E /* HTTPMethod.swift */ = {isa = PBXFileReference; fileEncoding = 4; lastKnownFileType = sourcecode.swift; path = HTTPMethod.swift; sourceTree = "<group>"; };
		C96AB84522D5E24800AAF39E /* Router.swift */ = {isa = PBXFileReference; fileEncoding = 4; lastKnownFileType = sourcecode.swift; path = Router.swift; sourceTree = "<group>"; };
		C96AB84622D5E24800AAF39E /* NetworkLogger.swift */ = {isa = PBXFileReference; fileEncoding = 4; lastKnownFileType = sourcecode.swift; path = NetworkLogger.swift; sourceTree = "<group>"; };
		C96AB84722D5E24800AAF39E /* EndPointType.swift */ = {isa = PBXFileReference; fileEncoding = 4; lastKnownFileType = sourcecode.swift; path = EndPointType.swift; sourceTree = "<group>"; };
		C96AB85322D5E26300AAF39E /* MainEndpoint.swift */ = {isa = PBXFileReference; lastKnownFileType = sourcecode.swift; path = MainEndpoint.swift; sourceTree = "<group>"; };
		C96AB85622D5E3D400AAF39E /* Term.swift */ = {isa = PBXFileReference; lastKnownFileType = sourcecode.swift; path = Term.swift; sourceTree = "<group>"; };
		C96AB85922D5E58A00AAF39E /* TermsViewController.swift */ = {isa = PBXFileReference; lastKnownFileType = sourcecode.swift; path = TermsViewController.swift; sourceTree = "<group>"; };
		C96AB85C22D5F7D300AAF39E /* TermsCell.swift */ = {isa = PBXFileReference; lastKnownFileType = sourcecode.swift; path = TermsCell.swift; sourceTree = "<group>"; };
		FF56F32A25A9BD7300C22CE8 /* HomeViewController.swift */ = {isa = PBXFileReference; lastKnownFileType = sourcecode.swift; path = HomeViewController.swift; sourceTree = "<group>"; };
		FF56F32D25A9CD5700C22CE8 /* Home.swift */ = {isa = PBXFileReference; lastKnownFileType = sourcecode.swift; path = Home.swift; sourceTree = "<group>"; };
/* End PBXFileReference section */

/* Begin PBXFrameworksBuildPhase section */
		C96AB81C22D5DE6000AAF39E /* Frameworks */ = {
			isa = PBXFrameworksBuildPhase;
			buildActionMask = 2147483647;
			files = (
			);
			runOnlyForDeploymentPostprocessing = 0;
		};
/* End PBXFrameworksBuildPhase section */

/* Begin PBXGroup section */
		C96AB81622D5DE6000AAF39E = {
			isa = PBXGroup;
			children = (
				C96AB82122D5DE6000AAF39E /* TestSozluk */,
				C96AB82022D5DE6000AAF39E /* Products */,
			);
			sourceTree = "<group>";
		};
		C96AB82022D5DE6000AAF39E /* Products */ = {
			isa = PBXGroup;
			children = (
				C96AB81F22D5DE6000AAF39E /* TestSozluk.app */,
			);
			name = Products;
			sourceTree = "<group>";
		};
		C96AB82122D5DE6000AAF39E /* TestSozluk */ = {
			isa = PBXGroup;
			children = (
				C96AB85522D5E3CC00AAF39E /* Model */,
				C96AB85822D5E56A00AAF39E /* Controllers */,
				C96AB83822D5E24800AAF39E /* Networking */,
				C96AB83722D5E03300AAF39E /* Main */,
				C96AB83622D5E00D00AAF39E /* Resources */,
			);
			path = TestSozluk;
			sourceTree = "<group>";
		};
		C96AB83622D5E00D00AAF39E /* Resources */ = {
			isa = PBXGroup;
			children = (
				C96AB82B22D5DE6200AAF39E /* Assets.xcassets */,
				C96AB82D22D5DE6200AAF39E /* LaunchScreen.storyboard */,
				C96AB83022D5DE6200AAF39E /* Info.plist */,
			);
			path = Resources;
			sourceTree = "<group>";
		};
		C96AB83722D5E03300AAF39E /* Main */ = {
			isa = PBXGroup;
			children = (
				C96AB82222D5DE6000AAF39E /* AppDelegate.swift */,
				C96AB82822D5DE6000AAF39E /* Main.storyboard */,
			);
			path = Main;
			sourceTree = "<group>";
		};
		C96AB83822D5E24800AAF39E /* Networking */ = {
			isa = PBXGroup;
			children = (
				C96AB83922D5E24800AAF39E /* Encoding */,
				C96AB83D22D5E24800AAF39E /* Manager */,
				C96AB83F22D5E24800AAF39E /* EndPoint */,
				C96AB84122D5E24800AAF39E /* Service */,
			);
			path = Networking;
			sourceTree = "<group>";
		};
		C96AB83922D5E24800AAF39E /* Encoding */ = {
			isa = PBXGroup;
			children = (
				C96AB83A22D5E24800AAF39E /* ParameterEncoding.swift */,
				C96AB83B22D5E24800AAF39E /* URLParameterEncoding.swift */,
				C96AB83C22D5E24800AAF39E /* JSONParameterEncoder.swift */,
			);
			path = Encoding;
			sourceTree = "<group>";
		};
		C96AB83D22D5E24800AAF39E /* Manager */ = {
			isa = PBXGroup;
			children = (
				C96AB83E22D5E24800AAF39E /* NetworkManager.swift */,
			);
			path = Manager;
			sourceTree = "<group>";
		};
		C96AB83F22D5E24800AAF39E /* EndPoint */ = {
			isa = PBXGroup;
			children = (
				C96AB85322D5E26300AAF39E /* MainEndpoint.swift */,
			);
			path = EndPoint;
			sourceTree = "<group>";
		};
		C96AB84122D5E24800AAF39E /* Service */ = {
			isa = PBXGroup;
			children = (
				C96AB84722D5E24800AAF39E /* EndPointType.swift */,
				C96AB84422D5E24800AAF39E /* HTTPMethod.swift */,
				C96AB84322D5E24800AAF39E /* HTTPTask.swift */,
				C96AB84622D5E24800AAF39E /* NetworkLogger.swift */,
				C96AB84522D5E24800AAF39E /* Router.swift */,
			);
			path = Service;
			sourceTree = "<group>";
		};
		C96AB85522D5E3CC00AAF39E /* Model */ = {
			isa = PBXGroup;
			children = (
				C96AB85622D5E3D400AAF39E /* Term.swift */,
				FF56F32D25A9CD5700C22CE8 /* Home.swift */,
			);
			path = Model;
			sourceTree = "<group>";
		};
		C96AB85822D5E56A00AAF39E /* Controllers */ = {
			isa = PBXGroup;
			children = (
				C96AB85B22D5F7C000AAF39E /* Cell */,
				C96AB85922D5E58A00AAF39E /* TermsViewController.swift */,
				FF56F32A25A9BD7300C22CE8 /* HomeViewController.swift */,
			);
			path = Controllers;
			sourceTree = "<group>";
		};
		C96AB85B22D5F7C000AAF39E /* Cell */ = {
			isa = PBXGroup;
			children = (
				C96AB85C22D5F7D300AAF39E /* TermsCell.swift */,
			);
			path = Cell;
			sourceTree = "<group>";
		};
/* End PBXGroup section */

/* Begin PBXNativeTarget section */
		C96AB81E22D5DE6000AAF39E /* TestSozluk */ = {
			isa = PBXNativeTarget;
			buildConfigurationList = C96AB83322D5DE6200AAF39E /* Build configuration list for PBXNativeTarget "TestSozluk" */;
			buildPhases = (
				C96AB81B22D5DE6000AAF39E /* Sources */,
				C96AB81C22D5DE6000AAF39E /* Frameworks */,
				C96AB81D22D5DE6000AAF39E /* Resources */,
			);
			buildRules = (
			);
			dependencies = (
			);
			name = TestSozluk;
			productName = TestSozluk;
			productReference = C96AB81F22D5DE6000AAF39E /* TestSozluk.app */;
			productType = "com.apple.product-type.application";
		};
/* End PBXNativeTarget section */

/* Begin PBXProject section */
		C96AB81722D5DE6000AAF39E /* Project object */ = {
			isa = PBXProject;
			attributes = {
				LastSwiftUpdateCheck = 1020;
				LastUpgradeCheck = 1020;
				ORGANIZATIONNAME = MesutGunes;
				TargetAttributes = {
					C96AB81E22D5DE6000AAF39E = {
						CreatedOnToolsVersion = 10.2;
					};
				};
			};
			buildConfigurationList = C96AB81A22D5DE6000AAF39E /* Build configuration list for PBXProject "TestSozluk" */;
			compatibilityVersion = "Xcode 9.3";
			developmentRegion = en;
			hasScannedForEncodings = 0;
			knownRegions = (
				en,
				Base,
			);
			mainGroup = C96AB81622D5DE6000AAF39E;
			productRefGroup = C96AB82022D5DE6000AAF39E /* Products */;
			projectDirPath = "";
			projectRoot = "";
			targets = (
				C96AB81E22D5DE6000AAF39E /* TestSozluk */,
			);
		};
/* End PBXProject section */

/* Begin PBXResourcesBuildPhase section */
		C96AB81D22D5DE6000AAF39E /* Resources */ = {
			isa = PBXResourcesBuildPhase;
			buildActionMask = 2147483647;
			files = (
				C96AB82F22D5DE6200AAF39E /* LaunchScreen.storyboard in Resources */,
				C96AB82C22D5DE6200AAF39E /* Assets.xcassets in Resources */,
				C96AB82A22D5DE6000AAF39E /* Main.storyboard in Resources */,
			);
			runOnlyForDeploymentPostprocessing = 0;
		};
/* End PBXResourcesBuildPhase section */

/* Begin PBXSourcesBuildPhase section */
		C96AB81B22D5DE6000AAF39E /* Sources */ = {
			isa = PBXSourcesBuildPhase;
			buildActionMask = 2147483647;
			files = (
				C96AB84A22D5E24800AAF39E /* JSONParameterEncoder.swift in Sources */,
				C96AB85022D5E24800AAF39E /* Router.swift in Sources */,
				C96AB85722D5E3D400AAF39E /* Term.swift in Sources */,
				C96AB85A22D5E58A00AAF39E /* TermsViewController.swift in Sources */,
				C96AB84822D5E24800AAF39E /* ParameterEncoding.swift in Sources */,
				FF56F32B25A9BD7300C22CE8 /* HomeViewController.swift in Sources */,
				C96AB85422D5E26300AAF39E /* MainEndpoint.swift in Sources */,
				C96AB84B22D5E24800AAF39E /* NetworkManager.swift in Sources */,
				C96AB84E22D5E24800AAF39E /* HTTPTask.swift in Sources */,
				C96AB84F22D5E24800AAF39E /* HTTPMethod.swift in Sources */,
				C96AB84922D5E24800AAF39E /* URLParameterEncoding.swift in Sources */,
				C96AB85222D5E24800AAF39E /* EndPointType.swift in Sources */,
				C96AB85D22D5F7D300AAF39E /* TermsCell.swift in Sources */,
				C96AB82322D5DE6000AAF39E /* AppDelegate.swift in Sources */,
				FF56F32E25A9CD5700C22CE8 /* Home.swift in Sources */,
				C96AB85122D5E24800AAF39E /* NetworkLogger.swift in Sources */,
			);
			runOnlyForDeploymentPostprocessing = 0;
		};
/* End PBXSourcesBuildPhase section */

/* Begin PBXVariantGroup section */
		C96AB82822D5DE6000AAF39E /* Main.storyboard */ = {
			isa = PBXVariantGroup;
			children = (
				C96AB82922D5DE6000AAF39E /* Base */,
			);
			name = Main.storyboard;
			sourceTree = "<group>";
		};
		C96AB82D22D5DE6200AAF39E /* LaunchScreen.storyboard */ = {
			isa = PBXVariantGroup;
			children = (
				C96AB82E22D5DE6200AAF39E /* Base */,
			);
			name = LaunchScreen.storyboard;
			sourceTree = "<group>";
		};
/* End PBXVariantGroup section */

/* Begin XCBuildConfiguration section */
		C96AB83122D5DE6200AAF39E /* Debug */ = {
			isa = XCBuildConfiguration;
			buildSettings = {
				ALWAYS_SEARCH_USER_PATHS = NO;
				CLANG_ANALYZER_NONNULL = YES;
				CLANG_ANALYZER_NUMBER_OBJECT_CONVERSION = YES_AGGRESSIVE;
				CLANG_CXX_LANGUAGE_STANDARD = "gnu++14";
				CLANG_CXX_LIBRARY = "libc++";
				CLANG_ENABLE_MODULES = YES;
				CLANG_ENABLE_OBJC_ARC = YES;
				CLANG_ENABLE_OBJC_WEAK = YES;
				CLANG_WARN_BLOCK_CAPTURE_AUTORELEASING = YES;
				CLANG_WARN_BOOL_CONVERSION = YES;
				CLANG_WARN_COMMA = YES;
				CLANG_WARN_CONSTANT_CONVERSION = YES;
				CLANG_WARN_DEPRECATED_OBJC_IMPLEMENTATIONS = YES;
				CLANG_WARN_DIRECT_OBJC_ISA_USAGE = YES_ERROR;
				CLANG_WARN_DOCUMENTATION_COMMENTS = YES;
				CLANG_WARN_EMPTY_BODY = YES;
				CLANG_WARN_ENUM_CONVERSION = YES;
				CLANG_WARN_INFINITE_RECURSION = YES;
				CLANG_WARN_INT_CONVERSION = YES;
				CLANG_WARN_NON_LITERAL_NULL_CONVERSION = YES;
				CLANG_WARN_OBJC_IMPLICIT_RETAIN_SELF = YES;
				CLANG_WARN_OBJC_LITERAL_CONVERSION = YES;
				CLANG_WARN_OBJC_ROOT_CLASS = YES_ERROR;
				CLANG_WARN_RANGE_LOOP_ANALYSIS = YES;
				CLANG_WARN_STRICT_PROTOTYPES = YES;
				CLANG_WARN_SUSPICIOUS_MOVE = YES;
				CLANG_WARN_UNGUARDED_AVAILABILITY = YES_AGGRESSIVE;
				CLANG_WARN_UNREACHABLE_CODE = YES;
				CLANG_WARN__DUPLICATE_METHOD_MATCH = YES;
				CODE_SIGN_IDENTITY = "iPhone Developer";
				COPY_PHASE_STRIP = NO;
				DEBUG_INFORMATION_FORMAT = dwarf;
				ENABLE_STRICT_OBJC_MSGSEND = YES;
				ENABLE_TESTABILITY = YES;
				GCC_C_LANGUAGE_STANDARD = gnu11;
				GCC_DYNAMIC_NO_PIC = NO;
				GCC_NO_COMMON_BLOCKS = YES;
				GCC_OPTIMIZATION_LEVEL = 0;
				GCC_PREPROCESSOR_DEFINITIONS = (
					"DEBUG=1",
					"$(inherited)",
				);
				GCC_WARN_64_TO_32_BIT_CONVERSION = YES;
				GCC_WARN_ABOUT_RETURN_TYPE = YES_ERROR;
				GCC_WARN_UNDECLARED_SELECTOR = YES;
				GCC_WARN_UNINITIALIZED_AUTOS = YES_AGGRESSIVE;
				GCC_WARN_UNUSED_FUNCTION = YES;
				GCC_WARN_UNUSED_VARIABLE = YES;
				IPHONEOS_DEPLOYMENT_TARGET = 12.2;
				MTL_ENABLE_DEBUG_INFO = INCLUDE_SOURCE;
				MTL_FAST_MATH = YES;
				ONLY_ACTIVE_ARCH = YES;
				SDKROOT = iphoneos;
				SWIFT_ACTIVE_COMPILATION_CONDITIONS = DEBUG;
				SWIFT_OPTIMIZATION_LEVEL = "-Onone";
			};
			name = Debug;
		};
		C96AB83222D5DE6200AAF39E /* Release */ = {
			isa = XCBuildConfiguration;
			buildSettings = {
				ALWAYS_SEARCH_USER_PATHS = NO;
				CLANG_ANALYZER_NONNULL = YES;
				CLANG_ANALYZER_NUMBER_OBJECT_CONVERSION = YES_AGGRESSIVE;
				CLANG_CXX_LANGUAGE_STANDARD = "gnu++14";
				CLANG_CXX_LIBRARY = "libc++";
				CLANG_ENABLE_MODULES = YES;
				CLANG_ENABLE_OBJC_ARC = YES;
				CLANG_ENABLE_OBJC_WEAK = YES;
				CLANG_WARN_BLOCK_CAPTURE_AUTORELEASING = YES;
				CLANG_WARN_BOOL_CONVERSION = YES;
				CLANG_WARN_COMMA = YES;
				CLANG_WARN_CONSTANT_CONVERSION = YES;
				CLANG_WARN_DEPRECATED_OBJC_IMPLEMENTATIONS = YES;
				CLANG_WARN_DIRECT_OBJC_ISA_USAGE = YES_ERROR;
				CLANG_WARN_DOCUMENTATION_COMMENTS = YES;
				CLANG_WARN_EMPTY_BODY = YES;
				CLANG_WARN_ENUM_CONVERSION = YES;
				CLANG_WARN_INFINITE_RECURSION = YES;
				CLANG_WARN_INT_CONVERSION = YES;
				CLANG_WARN_NON_LITERAL_NULL_CONVERSION = YES;
				CLANG_WARN_OBJC_IMPLICIT_RETAIN_SELF = YES;
				CLANG_WARN_OBJC_LITERAL_CONVERSION = YES;
				CLANG_WARN_OBJC_ROOT_CLASS = YES_ERROR;
				CLANG_WARN_RANGE_LOOP_ANALYSIS = YES;
				CLANG_WARN_STRICT_PROTOTYPES = YES;
				CLANG_WARN_SUSPICIOUS_MOVE = YES;
				CLANG_WARN_UNGUARDED_AVAILABILITY = YES_AGGRESSIVE;
				CLANG_WARN_UNREACHABLE_CODE = YES;
				CLANG_WARN__DUPLICATE_METHOD_MATCH = YES;
				CODE_SIGN_IDENTITY = "iPhone Developer";
				COPY_PHASE_STRIP = NO;
				DEBUG_INFORMATION_FORMAT = "dwarf-with-dsym";
				ENABLE_NS_ASSERTIONS = NO;
				ENABLE_STRICT_OBJC_MSGSEND = YES;
				GCC_C_LANGUAGE_STANDARD = gnu11;
				GCC_NO_COMMON_BLOCKS = YES;
				GCC_WARN_64_TO_32_BIT_CONVERSION = YES;
				GCC_WARN_ABOUT_RETURN_TYPE = YES_ERROR;
				GCC_WARN_UNDECLARED_SELECTOR = YES;
				GCC_WARN_UNINITIALIZED_AUTOS = YES_AGGRESSIVE;
				GCC_WARN_UNUSED_FUNCTION = YES;
				GCC_WARN_UNUSED_VARIABLE = YES;
				IPHONEOS_DEPLOYMENT_TARGET = 12.2;
				MTL_ENABLE_DEBUG_INFO = NO;
				MTL_FAST_MATH = YES;
				SDKROOT = iphoneos;
				SWIFT_COMPILATION_MODE = wholemodule;
				SWIFT_OPTIMIZATION_LEVEL = "-O";
				VALIDATE_PRODUCT = YES;
			};
			name = Release;
		};
		C96AB83422D5DE6200AAF39E /* Debug */ = {
			isa = XCBuildConfiguration;
			buildSettings = {
				ASSETCATALOG_COMPILER_APPICON_NAME = AppIcon;
				CODE_SIGN_STYLE = Automatic;
				INFOPLIST_FILE = "$(SRCROOT)/TestSozluk/Resources/Info.plist";
				LD_RUNPATH_SEARCH_PATHS = (
					"$(inherited)",
					"@executable_path/Frameworks",
				);
				PRODUCT_BUNDLE_IDENTIFIER = com.gunes.TestSozluk;
				PRODUCT_NAME = "$(TARGET_NAME)";
				SWIFT_VERSION = 5.0;
				TARGETED_DEVICE_FAMILY = "1,2";
			};
			name = Debug;
		};
		C96AB83522D5DE6200AAF39E /* Release */ = {
			isa = XCBuildConfiguration;
			buildSettings = {
				ASSETCATALOG_COMPILER_APPICON_NAME = AppIcon;
				CODE_SIGN_STYLE = Automatic;
				INFOPLIST_FILE = "$(SRCROOT)/TestSozluk/Resources/Info.plist";
				LD_RUNPATH_SEARCH_PATHS = (
					"$(inherited)",
					"@executable_path/Frameworks",
				);
				PRODUCT_BUNDLE_IDENTIFIER = com.gunes.TestSozluk;
				PRODUCT_NAME = "$(TARGET_NAME)";
				SWIFT_VERSION = 5.0;
				TARGETED_DEVICE_FAMILY = "1,2";
			};
			name = Release;
		};
/* End XCBuildConfiguration section */

/* Begin XCConfigurationList section */
		C96AB81A22D5DE6000AAF39E /* Build configuration list for PBXProject "TestSozluk" */ = {
			isa = XCConfigurationList;
			buildConfigurations = (
				C96AB83122D5DE6200AAF39E /* Debug */,
				C96AB83222D5DE6200AAF39E /* Release */,
			);
			defaultConfigurationIsVisible = 0;
			defaultConfigurationName = Release;
		};
		C96AB83322D5DE6200AAF39E /* Build configuration list for PBXNativeTarget "TestSozluk" */ = {
			isa = XCConfigurationList;
			buildConfigurations = (
				C96AB83422D5DE6200AAF39E /* Debug */,
				C96AB83522D5DE6200AAF39E /* Release */,
			);
			defaultConfigurationIsVisible = 0;
			defaultConfigurationName = Release;
		};
/* End XCConfigurationList section */
	};
	rootObject = C96AB81722D5DE6000AAF39E /* Project object */;
}
